// !$*UTF8*$!
{
	archiveVersion = 1;
	classes = {
	};
	objectVersion = 46;
	objects = {

/* Begin PBXBuildFile section */
		CE0B29351C7DAE960063DB63 /* RKCalendarCollectionViewCell.m in Sources */ = {isa = PBXBuildFile; fileRef = CE0B29331C7DAE960063DB63 /* RKCalendarCollectionViewCell.m */; };
		CE0B29361C7DAE960063DB63 /* RKCalendarCollectionViewCell.xib in Resources */ = {isa = PBXBuildFile; fileRef = CE0B29341C7DAE960063DB63 /* RKCalendarCollectionViewCell.xib */; };
		CE1F448F1C70FBB90047511D /* main.m in Sources */ = {isa = PBXBuildFile; fileRef = CE1F448E1C70FBB90047511D /* main.m */; };
		CE1F44981C70FBB90047511D /* Main.storyboard in Resources */ = {isa = PBXBuildFile; fileRef = CE1F44961C70FBB90047511D /* Main.storyboard */; };
		CE1F449A1C70FBB90047511D /* Assets.xcassets in Resources */ = {isa = PBXBuildFile; fileRef = CE1F44991C70FBB90047511D /* Assets.xcassets */; };
		CE1F449D1C70FBB90047511D /* LaunchScreen.storyboard in Resources */ = {isa = PBXBuildFile; fileRef = CE1F449B1C70FBB90047511D /* LaunchScreen.storyboard */; };
		CE1F44D51C70FC620047511D /* NSDate+RKCalendarHelper.m in Sources */ = {isa = PBXBuildFile; fileRef = CE1F44A71C70FC620047511D /* NSDate+RKCalendarHelper.m */; };
		CE1F44D61C70FC620047511D /* UIColor+HexString.m in Sources */ = {isa = PBXBuildFile; fileRef = CE1F44A91C70FC620047511D /* UIColor+HexString.m */; };
		CE1F44D71C70FC620047511D /* RKAgendaTableViewCell.m in Sources */ = {isa = PBXBuildFile; fileRef = CE1F44AC1C70FC620047511D /* RKAgendaTableViewCell.m */; };
		CE1F44D81C70FC620047511D /* RKAgendaTableViewCell.xib in Resources */ = {isa = PBXBuildFile; fileRef = CE1F44AD1C70FC620047511D /* RKAgendaTableViewCell.xib */; };
		CE1F44D91C70FC620047511D /* RKCalendarDataHelper.m in Sources */ = {isa = PBXBuildFile; fileRef = CE1F44B01C70FC620047511D /* RKCalendarDataHelper.m */; };
		CE1F44DA1C70FC620047511D /* RKCalendarDataManager.m in Sources */ = {isa = PBXBuildFile; fileRef = CE1F44B21C70FC620047511D /* RKCalendarDataManager.m */; };
		CE1F44EA1C70FC620047511D /* RKCalendarViewController.m in Sources */ = {isa = PBXBuildFile; fileRef = CE1F44D01C70FC620047511D /* RKCalendarViewController.m */; };
		CE1F44EB1C70FC620047511D /* RKAgendaTableViewSectionHeaderView.m in Sources */ = {isa = PBXBuildFile; fileRef = CE1F44D31C70FC620047511D /* RKAgendaTableViewSectionHeaderView.m */; };
		CE1F44EC1C70FC620047511D /* RKAgendaTableViewSectionHeaderView.xib in Resources */ = {isa = PBXBuildFile; fileRef = CE1F44D41C70FC620047511D /* RKAgendaTableViewSectionHeaderView.xib */; };
		CE1F44EF1C70FC700047511D /* RKAppDelegate.m in Sources */ = {isa = PBXBuildFile; fileRef = CE1F44EE1C70FC700047511D /* RKAppDelegate.m */; };
		CE2882341C81B68B00D43628 /* RKCalendarMonthCoverScrollView.m in Sources */ = {isa = PBXBuildFile; fileRef = CE2882331C81B68B00D43628 /* RKCalendarMonthCoverScrollView.m */; };
		CE6D6C361C82388000E1B84A /* EventsDummyData.plist in Resources */ = {isa = PBXBuildFile; fileRef = CE6D6C351C82388000E1B84A /* EventsDummyData.plist */; };
		CE6D6C3D1C8249E800E1B84A /* RKCalendarViewController.xib in Resources */ = {isa = PBXBuildFile; fileRef = CE6D6C3C1C8249E800E1B84A /* RKCalendarViewController.xib */; };
		CEB306BD1C7473EA009C56C0 /* RKCalendarPermissionView.m in Sources */ = {isa = PBXBuildFile; fileRef = CEB306BC1C7473EA009C56C0 /* RKCalendarPermissionView.m */; };
		CEB306BF1C7473F2009C56C0 /* RKCalendarPermissionView.xib in Resources */ = {isa = PBXBuildFile; fileRef = CEB306BE1C7473F2009C56C0 /* RKCalendarPermissionView.xib */; };
		CEDC01571C7D02F40026727D /* RKCalendarView.m in Sources */ = {isa = PBXBuildFile; fileRef = CEDC01561C7D02F40026727D /* RKCalendarView.m */; };
		CEDC01591C7D03D00026727D /* RKCalendarView.xib in Resources */ = {isa = PBXBuildFile; fileRef = CEDC01581C7D03D00026727D /* RKCalendarView.xib */; };
/* End PBXBuildFile section */

/* Begin PBXFileReference section */
		CE0B29321C7DAE960063DB63 /* RKCalendarCollectionViewCell.h */ = {isa = PBXFileReference; fileEncoding = 4; lastKnownFileType = sourcecode.c.h; path = RKCalendarCollectionViewCell.h; sourceTree = "<group>"; };
		CE0B29331C7DAE960063DB63 /* RKCalendarCollectionViewCell.m */ = {isa = PBXFileReference; fileEncoding = 4; lastKnownFileType = sourcecode.c.objc; path = RKCalendarCollectionViewCell.m; sourceTree = "<group>"; };
		CE0B29341C7DAE960063DB63 /* RKCalendarCollectionViewCell.xib */ = {isa = PBXFileReference; fileEncoding = 4; lastKnownFileType = file.xib; path = RKCalendarCollectionViewCell.xib; sourceTree = "<group>"; };
		CE1932DB1C73B73A00B4DFDC /* RKInterfaceConstants.h */ = {isa = PBXFileReference; lastKnownFileType = sourcecode.c.h; path = RKInterfaceConstants.h; sourceTree = "<group>"; };
		CE1F448A1C70FBB90047511D /* CalendarApp.app */ = {isa = PBXFileReference; explicitFileType = wrapper.application; includeInIndex = 0; path = CalendarApp.app; sourceTree = BUILT_PRODUCTS_DIR; };
		CE1F448E1C70FBB90047511D /* main.m */ = {isa = PBXFileReference; lastKnownFileType = sourcecode.c.objc; path = main.m; sourceTree = "<group>"; };
		CE1F44971C70FBB90047511D /* Base */ = {isa = PBXFileReference; lastKnownFileType = file.storyboard; name = Base; path = Base.lproj/Main.storyboard; sourceTree = "<group>"; };
		CE1F44991C70FBB90047511D /* Assets.xcassets */ = {isa = PBXFileReference; lastKnownFileType = folder.assetcatalog; path = Assets.xcassets; sourceTree = "<group>"; };
		CE1F449C1C70FBB90047511D /* Base */ = {isa = PBXFileReference; lastKnownFileType = file.storyboard; name = Base; path = Base.lproj/LaunchScreen.storyboard; sourceTree = "<group>"; };
		CE1F449E1C70FBB90047511D /* Info.plist */ = {isa = PBXFileReference; lastKnownFileType = text.plist.xml; path = Info.plist; sourceTree = "<group>"; };
		CE1F44A61C70FC620047511D /* NSDate+RKCalendarHelper.h */ = {isa = PBXFileReference; fileEncoding = 4; lastKnownFileType = sourcecode.c.h; path = "NSDate+RKCalendarHelper.h"; sourceTree = "<group>"; };
		CE1F44A71C70FC620047511D /* NSDate+RKCalendarHelper.m */ = {isa = PBXFileReference; fileEncoding = 4; lastKnownFileType = sourcecode.c.objc; path = "NSDate+RKCalendarHelper.m"; sourceTree = "<group>"; };
		CE1F44A81C70FC620047511D /* UIColor+HexString.h */ = {isa = PBXFileReference; fileEncoding = 4; lastKnownFileType = sourcecode.c.h; path = "UIColor+HexString.h"; sourceTree = "<group>"; };
		CE1F44A91C70FC620047511D /* UIColor+HexString.m */ = {isa = PBXFileReference; fileEncoding = 4; lastKnownFileType = sourcecode.c.objc; path = "UIColor+HexString.m"; sourceTree = "<group>"; };
		CE1F44AB1C70FC620047511D /* RKAgendaTableViewCell.h */ = {isa = PBXFileReference; fileEncoding = 4; lastKnownFileType = sourcecode.c.h; path = RKAgendaTableViewCell.h; sourceTree = "<group>"; };
		CE1F44AC1C70FC620047511D /* RKAgendaTableViewCell.m */ = {isa = PBXFileReference; fileEncoding = 4; lastKnownFileType = sourcecode.c.objc; path = RKAgendaTableViewCell.m; sourceTree = "<group>"; };
		CE1F44AD1C70FC620047511D /* RKAgendaTableViewCell.xib */ = {isa = PBXFileReference; fileEncoding = 4; lastKnownFileType = file.xib; path = RKAgendaTableViewCell.xib; sourceTree = "<group>"; };
		CE1F44AF1C70FC620047511D /* RKCalendarDataHelper.h */ = {isa = PBXFileReference; fileEncoding = 4; lastKnownFileType = sourcecode.c.h; path = RKCalendarDataHelper.h; sourceTree = "<group>"; };
		CE1F44B01C70FC620047511D /* RKCalendarDataHelper.m */ = {isa = PBXFileReference; fileEncoding = 4; lastKnownFileType = sourcecode.c.objc; path = RKCalendarDataHelper.m; sourceTree = "<group>"; };
		CE1F44B11C70FC620047511D /* RKCalendarDataManager.h */ = {isa = PBXFileReference; fileEncoding = 4; lastKnownFileType = sourcecode.c.h; path = RKCalendarDataManager.h; sourceTree = "<group>"; };
		CE1F44B21C70FC620047511D /* RKCalendarDataManager.m */ = {isa = PBXFileReference; fileEncoding = 4; lastKnownFileType = sourcecode.c.objc; path = RKCalendarDataManager.m; sourceTree = "<group>"; };
		CE1F44CF1C70FC620047511D /* RKCalendarViewController.h */ = {isa = PBXFileReference; fileEncoding = 4; lastKnownFileType = sourcecode.c.h; path = RKCalendarViewController.h; sourceTree = "<group>"; };
		CE1F44D01C70FC620047511D /* RKCalendarViewController.m */ = {isa = PBXFileReference; fileEncoding = 4; lastKnownFileType = sourcecode.c.objc; lineEnding = 0; path = RKCalendarViewController.m; sourceTree = "<group>"; xcLanguageSpecificationIdentifier = xcode.lang.objc; };
		CE1F44D21C70FC620047511D /* RKAgendaTableViewSectionHeaderView.h */ = {isa = PBXFileReference; fileEncoding = 4; lastKnownFileType = sourcecode.c.h; path = RKAgendaTableViewSectionHeaderView.h; sourceTree = "<group>"; };
		CE1F44D31C70FC620047511D /* RKAgendaTableViewSectionHeaderView.m */ = {isa = PBXFileReference; fileEncoding = 4; lastKnownFileType = sourcecode.c.objc; path = RKAgendaTableViewSectionHeaderView.m; sourceTree = "<group>"; };
		CE1F44D41C70FC620047511D /* RKAgendaTableViewSectionHeaderView.xib */ = {isa = PBXFileReference; fileEncoding = 4; lastKnownFileType = file.xib; path = RKAgendaTableViewSectionHeaderView.xib; sourceTree = "<group>"; };
		CE1F44ED1C70FC700047511D /* RKAppDelegate.h */ = {isa = PBXFileReference; fileEncoding = 4; lastKnownFileType = sourcecode.c.h; path = RKAppDelegate.h; sourceTree = "<group>"; };
		CE1F44EE1C70FC700047511D /* RKAppDelegate.m */ = {isa = PBXFileReference; fileEncoding = 4; lastKnownFileType = sourcecode.c.objc; path = RKAppDelegate.m; sourceTree = "<group>"; };
		CE2882321C81B68B00D43628 /* RKCalendarMonthCoverScrollView.h */ = {isa = PBXFileReference; fileEncoding = 4; lastKnownFileType = sourcecode.c.h; path = RKCalendarMonthCoverScrollView.h; sourceTree = "<group>"; };
		CE2882331C81B68B00D43628 /* RKCalendarMonthCoverScrollView.m */ = {isa = PBXFileReference; fileEncoding = 4; lastKnownFileType = sourcecode.c.objc; path = RKCalendarMonthCoverScrollView.m; sourceTree = "<group>"; };
		CE6D6C351C82388000E1B84A /* EventsDummyData.plist */ = {isa = PBXFileReference; fileEncoding = 4; lastKnownFileType = text.plist.xml; path = EventsDummyData.plist; sourceTree = "<group>"; };
		CE6D6C3C1C8249E800E1B84A /* RKCalendarViewController.xib */ = {isa = PBXFileReference; fileEncoding = 4; lastKnownFileType = file.xib; path = RKCalendarViewController.xib; sourceTree = "<group>"; };
		CEB306BB1C7473EA009C56C0 /* RKCalendarPermissionView.h */ = {isa = PBXFileReference; fileEncoding = 4; lastKnownFileType = sourcecode.c.h; path = RKCalendarPermissionView.h; sourceTree = "<group>"; };
		CEB306BC1C7473EA009C56C0 /* RKCalendarPermissionView.m */ = {isa = PBXFileReference; fileEncoding = 4; lastKnownFileType = sourcecode.c.objc; path = RKCalendarPermissionView.m; sourceTree = "<group>"; };
		CEB306BE1C7473F2009C56C0 /* RKCalendarPermissionView.xib */ = {isa = PBXFileReference; fileEncoding = 4; lastKnownFileType = file.xib; path = RKCalendarPermissionView.xib; sourceTree = "<group>"; };
		CEDC01551C7D02F40026727D /* RKCalendarView.h */ = {isa = PBXFileReference; fileEncoding = 4; lastKnownFileType = sourcecode.c.h; path = RKCalendarView.h; sourceTree = "<group>"; };
		CEDC01561C7D02F40026727D /* RKCalendarView.m */ = {isa = PBXFileReference; fileEncoding = 4; lastKnownFileType = sourcecode.c.objc; path = RKCalendarView.m; sourceTree = "<group>"; };
		CEDC01581C7D03D00026727D /* RKCalendarView.xib */ = {isa = PBXFileReference; fileEncoding = 4; lastKnownFileType = file.xib; path = RKCalendarView.xib; sourceTree = "<group>"; };
/* End PBXFileReference section */

/* Begin PBXFrameworksBuildPhase section */
		CE1F44871C70FBB90047511D /* Frameworks */ = {
			isa = PBXFrameworksBuildPhase;
			buildActionMask = 2147483647;
			files = (
			);
			runOnlyForDeploymentPostprocessing = 0;
		};
/* End PBXFrameworksBuildPhase section */

/* Begin PBXGroup section */
		CE1932DA1C73B72300B4DFDC /* Constants */ = {
			isa = PBXGroup;
			children = (
				CE1932DB1C73B73A00B4DFDC /* RKInterfaceConstants.h */,
			);
			path = Constants;
			sourceTree = "<group>";
		};
		CE1F44811C70FBB90047511D = {
			isa = PBXGroup;
			children = (
				CE1F448C1C70FBB90047511D /* CalendarApp */,
				CE1F448B1C70FBB90047511D /* Products */,
			);
			sourceTree = "<group>";
		};
		CE1F448B1C70FBB90047511D /* Products */ = {
			isa = PBXGroup;
			children = (
				CE1F448A1C70FBB90047511D /* CalendarApp.app */,
			);
			name = Products;
			sourceTree = "<group>";
		};
		CE1F448C1C70FBB90047511D /* CalendarApp */ = {
			isa = PBXGroup;
			children = (
				CE6D6C341C82386700E1B84A /* Data */,
				CE1932DA1C73B72300B4DFDC /* Constants */,
				CE1F44A51C70FC620047511D /* Category */,
				CE1F44AA1C70FC620047511D /* Cells */,
				CE1F44AE1C70FC620047511D /* Data Manager */,
				CE1F44CE1C70FC620047511D /* View Controllers */,
				CE1F44D11C70FC620047511D /* Views */,
				CE1F44ED1C70FC700047511D /* RKAppDelegate.h */,
				CE1F44EE1C70FC700047511D /* RKAppDelegate.m */,
				CE1F44961C70FBB90047511D /* Main.storyboard */,
				CE1F44991C70FBB90047511D /* Assets.xcassets */,
				CE1F449B1C70FBB90047511D /* LaunchScreen.storyboard */,
				CE1F449E1C70FBB90047511D /* Info.plist */,
				CE1F448D1C70FBB90047511D /* Supporting Files */,
			);
			path = CalendarApp;
			sourceTree = "<group>";
		};
		CE1F448D1C70FBB90047511D /* Supporting Files */ = {
			isa = PBXGroup;
			children = (
				CE1F448E1C70FBB90047511D /* main.m */,
			);
			name = "Supporting Files";
			sourceTree = "<group>";
		};
		CE1F44A51C70FC620047511D /* Category */ = {
			isa = PBXGroup;
			children = (
				CE1F44A61C70FC620047511D /* NSDate+RKCalendarHelper.h */,
				CE1F44A71C70FC620047511D /* NSDate+RKCalendarHelper.m */,
				CE1F44A81C70FC620047511D /* UIColor+HexString.h */,
				CE1F44A91C70FC620047511D /* UIColor+HexString.m */,
			);
			path = Category;
			sourceTree = "<group>";
		};
		CE1F44AA1C70FC620047511D /* Cells */ = {
			isa = PBXGroup;
			children = (
				CE1F44AB1C70FC620047511D /* RKAgendaTableViewCell.h */,
				CE1F44AC1C70FC620047511D /* RKAgendaTableViewCell.m */,
				CE1F44AD1C70FC620047511D /* RKAgendaTableViewCell.xib */,
				CE0B29321C7DAE960063DB63 /* RKCalendarCollectionViewCell.h */,
				CE0B29331C7DAE960063DB63 /* RKCalendarCollectionViewCell.m */,
				CE0B29341C7DAE960063DB63 /* RKCalendarCollectionViewCell.xib */,
			);
			path = Cells;
			sourceTree = "<group>";
		};
		CE1F44AE1C70FC620047511D /* Data Manager */ = {
			isa = PBXGroup;
			children = (
				CE1F44AF1C70FC620047511D /* RKCalendarDataHelper.h */,
				CE1F44B01C70FC620047511D /* RKCalendarDataHelper.m */,
				CE1F44B11C70FC620047511D /* RKCalendarDataManager.h */,
				CE1F44B21C70FC620047511D /* RKCalendarDataManager.m */,
			);
			path = "Data Manager";
			sourceTree = "<group>";
		};
		CE1F44CE1C70FC620047511D /* View Controllers */ = {
			isa = PBXGroup;
			children = (
				CE1F44CF1C70FC620047511D /* RKCalendarViewController.h */,
				CE1F44D01C70FC620047511D /* RKCalendarViewController.m */,
				CE6D6C3C1C8249E800E1B84A /* RKCalendarViewController.xib */,
			);
			path = "View Controllers";
			sourceTree = "<group>";
		};
		CE1F44D11C70FC620047511D /* Views */ = {
			isa = PBXGroup;
			children = (
				CE1F44D21C70FC620047511D /* RKAgendaTableViewSectionHeaderView.h */,
				CE1F44D31C70FC620047511D /* RKAgendaTableViewSectionHeaderView.m */,
				CE1F44D41C70FC620047511D /* RKAgendaTableViewSectionHeaderView.xib */,
				CEB306BB1C7473EA009C56C0 /* RKCalendarPermissionView.h */,
				CEB306BC1C7473EA009C56C0 /* RKCalendarPermissionView.m */,
				CEB306BE1C7473F2009C56C0 /* RKCalendarPermissionView.xib */,
				CEDC01551C7D02F40026727D /* RKCalendarView.h */,
				CEDC01561C7D02F40026727D /* RKCalendarView.m */,
				CEDC01581C7D03D00026727D /* RKCalendarView.xib */,
				CE2882321C81B68B00D43628 /* RKCalendarMonthCoverScrollView.h */,
				CE2882331C81B68B00D43628 /* RKCalendarMonthCoverScrollView.m */,
			);
			path = Views;
			sourceTree = "<group>";
		};
		CE6D6C341C82386700E1B84A /* Data */ = {
			isa = PBXGroup;
			children = (
				CE6D6C351C82388000E1B84A /* EventsDummyData.plist */,
			);
			path = Data;
			sourceTree = "<group>";
		};
/* End PBXGroup section */

/* Begin PBXNativeTarget section */
		CE1F44891C70FBB90047511D /* CalendarApp */ = {
			isa = PBXNativeTarget;
			buildConfigurationList = CE1F44A11C70FBB90047511D /* Build configuration list for PBXNativeTarget "CalendarApp" */;
			buildPhases = (
				CE1F44861C70FBB90047511D /* Sources */,
				CE1F44871C70FBB90047511D /* Frameworks */,
				CE1F44881C70FBB90047511D /* Resources */,
			);
			buildRules = (
			);
			dependencies = (
			);
			name = CalendarApp;
			productName = CalendarApp;
			productReference = CE1F448A1C70FBB90047511D /* CalendarApp.app */;
			productType = "com.apple.product-type.application";
		};
/* End PBXNativeTarget section */

/* Begin PBXProject section */
		CE1F44821C70FBB90047511D /* Project object */ = {
			isa = PBXProject;
			attributes = {
				LastUpgradeCheck = 0720;
				ORGANIZATIONNAME = "Rahul Khanna";
				TargetAttributes = {
					CE1F44891C70FBB90047511D = {
						CreatedOnToolsVersion = 7.2.1;
					};
				};
			};
			buildConfigurationList = CE1F44851C70FBB90047511D /* Build configuration list for PBXProject "CalendarApp" */;
			compatibilityVersion = "Xcode 3.2";
			developmentRegion = English;
			hasScannedForEncodings = 0;
			knownRegions = (
				en,
				Base,
			);
			mainGroup = CE1F44811C70FBB90047511D;
			productRefGroup = CE1F448B1C70FBB90047511D /* Products */;
			projectDirPath = "";
			projectRoot = "";
			targets = (
				CE1F44891C70FBB90047511D /* CalendarApp */,
			);
		};
/* End PBXProject section */

/* Begin PBXResourcesBuildPhase section */
		CE1F44881C70FBB90047511D /* Resources */ = {
			isa = PBXResourcesBuildPhase;
			buildActionMask = 2147483647;
			files = (
				CE6D6C3D1C8249E800E1B84A /* RKCalendarViewController.xib in Resources */,
				CE1F449D1C70FBB90047511D /* LaunchScreen.storyboard in Resources */,
				CE1F449A1C70FBB90047511D /* Assets.xcassets in Resources */,
				CE1F44D81C70FC620047511D /* RKAgendaTableViewCell.xib in Resources */,
				CE1F44EC1C70FC620047511D /* RKAgendaTableViewSectionHeaderView.xib in Resources */,
				CEB306BF1C7473F2009C56C0 /* RKCalendarPermissionView.xib in Resources */,
				CEDC01591C7D03D00026727D /* RKCalendarView.xib in Resources */,
				CE0B29361C7DAE960063DB63 /* RKCalendarCollectionViewCell.xib in Resources */,
				CE1F44981C70FBB90047511D /* Main.storyboard in Resources */,
				CE6D6C361C82388000E1B84A /* EventsDummyData.plist in Resources */,
			);
			runOnlyForDeploymentPostprocessing = 0;
		};
/* End PBXResourcesBuildPhase section */

/* Begin PBXSourcesBuildPhase section */
		CE1F44861C70FBB90047511D /* Sources */ = {
			isa = PBXSourcesBuildPhase;
			buildActionMask = 2147483647;
			files = (
				CEB306BD1C7473EA009C56C0 /* RKCalendarPermissionView.m in Sources */,
				CE2882341C81B68B00D43628 /* RKCalendarMonthCoverScrollView.m in Sources */,
				CE1F44D71C70FC620047511D /* RKAgendaTableViewCell.m in Sources */,
				CE1F44D61C70FC620047511D /* UIColor+HexString.m in Sources */,
				CE1F44EB1C70FC620047511D /* RKAgendaTableViewSectionHeaderView.m in Sources */,
				CE0B29351C7DAE960063DB63 /* RKCalendarCollectionViewCell.m in Sources */,
				CE1F44D51C70FC620047511D /* NSDate+RKCalendarHelper.m in Sources */,
				CE1F44D91C70FC620047511D /* RKCalendarDataHelper.m in Sources */,
				CEDC01571C7D02F40026727D /* RKCalendarView.m in Sources */,
				CE1F44EA1C70FC620047511D /* RKCalendarViewController.m in Sources */,
				CE1F44DA1C70FC620047511D /* RKCalendarDataManager.m in Sources */,
				CE1F448F1C70FBB90047511D /* main.m in Sources */,
				CE1F44EF1C70FC700047511D /* RKAppDelegate.m in Sources */,
			);
			runOnlyForDeploymentPostprocessing = 0;
		};
/* End PBXSourcesBuildPhase section */

/* Begin PBXVariantGroup section */
		CE1F44961C70FBB90047511D /* Main.storyboard */ = {
			isa = PBXVariantGroup;
			children = (
				CE1F44971C70FBB90047511D /* Base */,
			);
			name = Main.storyboard;
			sourceTree = "<group>";
		};
		CE1F449B1C70FBB90047511D /* LaunchScreen.storyboard */ = {
			isa = PBXVariantGroup;
			children = (
				CE1F449C1C70FBB90047511D /* Base */,
			);
			name = LaunchScreen.storyboard;
			sourceTree = "<group>";
		};
/* End PBXVariantGroup section */

/* Begin XCBuildConfiguration section */
		CE1F449F1C70FBB90047511D /* Debug */ = {
			isa = XCBuildConfiguration;
			buildSettings = {
				ALWAYS_SEARCH_USER_PATHS = NO;
				CLANG_CXX_LANGUAGE_STANDARD = "gnu++0x";
				CLANG_CXX_LIBRARY = "libc++";
				CLANG_ENABLE_MODULES = YES;
				CLANG_ENABLE_OBJC_ARC = YES;
				CLANG_WARN_BOOL_CONVERSION = YES;
				CLANG_WARN_CONSTANT_CONVERSION = YES;
				CLANG_WARN_DIRECT_OBJC_ISA_USAGE = YES_ERROR;
				CLANG_WARN_EMPTY_BODY = YES;
				CLANG_WARN_ENUM_CONVERSION = YES;
				CLANG_WARN_INT_CONVERSION = YES;
				CLANG_WARN_OBJC_ROOT_CLASS = YES_ERROR;
				CLANG_WARN_UNREACHABLE_CODE = YES;
				CLANG_WARN__DUPLICATE_METHOD_MATCH = YES;
				"CODE_SIGN_IDENTITY[sdk=iphoneos*]" = "iPhone Developer";
				COPY_PHASE_STRIP = NO;
				DEBUG_INFORMATION_FORMAT = dwarf;
				ENABLE_STRICT_OBJC_MSGSEND = YES;
				ENABLE_TESTABILITY = YES;
				GCC_C_LANGUAGE_STANDARD = gnu99;
				GCC_DYNAMIC_NO_PIC = NO;
				GCC_NO_COMMON_BLOCKS = YES;
				GCC_OPTIMIZATION_LEVEL = 0;
				GCC_PREPROCESSOR_DEFINITIONS = (
					"DEBUG=1",
					"$(inherited)",
				);
				GCC_WARN_64_TO_32_BIT_CONVERSION = YES;
				GCC_WARN_ABOUT_RETURN_TYPE = YES_ERROR;
				GCC_WARN_UNDECLARED_SELECTOR = YES;
				GCC_WARN_UNINITIALIZED_AUTOS = YES_AGGRESSIVE;
				GCC_WARN_UNUSED_FUNCTION = YES;
				GCC_WARN_UNUSED_VARIABLE = YES;
				IPHONEOS_DEPLOYMENT_TARGET = 9.2;
				MTL_ENABLE_DEBUG_INFO = YES;
				ONLY_ACTIVE_ARCH = YES;
				SDKROOT = iphoneos;
			};
			name = Debug;
		};
		CE1F44A01C70FBB90047511D /* Release */ = {
			isa = XCBuildConfiguration;
			buildSettings = {
				ALWAYS_SEARCH_USER_PATHS = NO;
				CLANG_CXX_LANGUAGE_STANDARD = "gnu++0x";
				CLANG_CXX_LIBRARY = "libc++";
				CLANG_ENABLE_MODULES = YES;
				CLANG_ENABLE_OBJC_ARC = YES;
				CLANG_WARN_BOOL_CONVERSION = YES;
				CLANG_WARN_CONSTANT_CONVERSION = YES;
				CLANG_WARN_DIRECT_OBJC_ISA_USAGE = YES_ERROR;
				CLANG_WARN_EMPTY_BODY = YES;
				CLANG_WARN_ENUM_CONVERSION = YES;
				CLANG_WARN_INT_CONVERSION = YES;
				CLANG_WARN_OBJC_ROOT_CLASS = YES_ERROR;
				CLANG_WARN_UNREACHABLE_CODE = YES;
				CLANG_WARN__DUPLICATE_METHOD_MATCH = YES;
				"CODE_SIGN_IDENTITY[sdk=iphoneos*]" = "iPhone Developer";
				COPY_PHASE_STRIP = NO;
				DEBUG_INFORMATION_FORMAT = "dwarf-with-dsym";
				ENABLE_NS_ASSERTIONS = NO;
				ENABLE_STRICT_OBJC_MSGSEND = YES;
				GCC_C_LANGUAGE_STANDARD = gnu99;
				GCC_NO_COMMON_BLOCKS = YES;
				GCC_WARN_64_TO_32_BIT_CONVERSION = YES;
				GCC_WARN_ABOUT_RETURN_TYPE = YES_ERROR;
				GCC_WARN_UNDECLARED_SELECTOR = YES;
				GCC_WARN_UNINITIALIZED_AUTOS = YES_AGGRESSIVE;
				GCC_WARN_UNUSED_FUNCTION = YES;
				GCC_WARN_UNUSED_VARIABLE = YES;
				IPHONEOS_DEPLOYMENT_TARGET = 9.2;
				MTL_ENABLE_DEBUG_INFO = NO;
				SDKROOT = iphoneos;
				VALIDATE_PRODUCT = YES;
			};
			name = Release;
		};
		CE1F44A21C70FBB90047511D /* Debug */ = {
			isa = XCBuildConfiguration;
			buildSettings = {
				ASSETCATALOG_COMPILER_APPICON_NAME = AppIcon;
				INFOPLIST_FILE = CalendarApp/Info.plist;
				IPHONEOS_DEPLOYMENT_TARGET = 9.0;
				LD_RUNPATH_SEARCH_PATHS = "$(inherited) @executable_path/Frameworks";
				PRODUCT_BUNDLE_IDENTIFIER = com.indie..CalendarApp;
				PRODUCT_NAME = "$(TARGET_NAME)";
			};
			name = Debug;
		};
		CE1F44A31C70FBB90047511D /* Release */ = {
			isa = XCBuildConfiguration;
			buildSettings = {
				ASSETCATALOG_COMPILER_APPICON_NAME = AppIcon;
				INFOPLIST_FILE = CalendarApp/Info.plist;
				IPHONEOS_DEPLOYMENT_TARGET = 9.0;
				LD_RUNPATH_SEARCH_PATHS = "$(inherited) @executable_path/Frameworks";
				PRODUCT_BUNDLE_IDENTIFIER = com.indie..CalendarApp;
				PRODUCT_NAME = "$(TARGET_NAME)";
			};
			name = Release;
		};
/* End XCBuildConfiguration section */

/* Begin XCConfigurationList section */
		CE1F44851C70FBB90047511D /* Build configuration list for PBXProject "CalendarApp" */ = {
			isa = XCConfigurationList;
			buildConfigurations = (
				CE1F449F1C70FBB90047511D /* Debug */,
				CE1F44A01C70FBB90047511D /* Release */,
			);
			defaultConfigurationIsVisible = 0;
			defaultConfigurationName = Release;
		};
		CE1F44A11C70FBB90047511D /* Build configuration list for PBXNativeTarget "CalendarApp" */ = {
			isa = XCConfigurationList;
			buildConfigurations = (
				CE1F44A21C70FBB90047511D /* Debug */,
				CE1F44A31C70FBB90047511D /* Release */,
			);
			defaultConfigurationIsVisible = 0;
			defaultConfigurationName = Release;
		};
/* End XCConfigurationList section */
	};
	rootObject = CE1F44821C70FBB90047511D /* Project object */;
}
